
Microsoft Visual Studio Solution File, Format Version 12.00
# Visual Studio Version 17
VisualStudioVersion = 17.13.35919.96
MinimumVisualStudioVersion = 10.0.40219.1
Project("{FAE04EC0-301F-11D3-BF4B-00C04F79EFBC}") = "RcCloud.DateScraper.Cli", "RcCloud.DateScraper.Cli\RcCloud.DateScraper.Cli.csproj", "{111F4CF9-0EA9-4B2D-8E1F-AF4D2F1A3D37}"
EndProject
Project("{FAE04EC0-301F-11D3-BF4B-00C04F79EFBC}") = "RcCloud.DateScraper.Domain", "RcCloud.DateScraper.Domain\RcCloud.DateScraper.Domain.csproj", "{EB419650-7485-4DFE-99FC-75375EDCD52D}"
EndProject
Project("{FAE04EC0-301F-11D3-BF4B-00C04F79EFBC}") = "RcCloud.DateScraper.Application.Myrcm", "RcCloud.DateScraper.Application.Myrcm\RcCloud.DateScraper.Application.Myrcm.csproj", "{0BDB4541-15AA-E6AD-FDC4-6D2A12D723E0}"
EndProject
Project("{FAE04EC0-301F-11D3-BF4B-00C04F79EFBC}") = "RcCloud.DateScraper.Application.Myrcm.Tests", "RcCloud.DateScraper.Application.Myrcm.Tests\RcCloud.DateScraper.Application.Myrcm.Tests.csproj", "{7A1607E1-6B3D-3022-25B9-40E3DCFE73D0}"
EndProject
Project("{FAE04EC0-301F-11D3-BF4B-00C04F79EFBC}") = "RcCloud.DateScraper.Application.Rck", "RcCloud.DateScraper.Application.Rck\RcCloud.DateScraper.Application.Rck.csproj", "{5DB347F7-E4FA-D9CD-2D18-862C06A0FD88}"
EndProject
Project("{FAE04EC0-301F-11D3-BF4B-00C04F79EFBC}") = "RcCloud.DateScraper.Application.Rck.Tests", "RcCloud.DateScraper.Application.Rck.Tests\RcCloud.DateScraper.Application.Rck.Tests.csproj", "{4344E502-7C41-6DF2-CE3D-330AEA6E1716}"
EndProject
Project("{FAE04EC0-301F-11D3-BF4B-00C04F79EFBC}") = "RcCloud.DateScraper.Application.Rcco", "RcCloud.DateScraper.Application.Rcco\RcCloud.DateScraper.Application.Rcco.csproj", "{ACD155CF-9D21-4BB3-8DC5-79A886EE3826}"
EndProject
Project("{FAE04EC0-301F-11D3-BF4B-00C04F79EFBC}") = "RcCloud.DateScraper.Application.Dmc", "RcCloud.DateScraper.Application.Dmc\RcCloud.DateScraper.Application.Dmc.csproj", "{2C42E931-64A8-4999-A96A-ECBC9B0C4DAF}"
EndProject
Project("{FAE04EC0-301F-11D3-BF4B-00C04F79EFBC}") = "RcCloud.DateScraper.Application.Dmc.Tests", "RcCloud.DateScraper.Application.Dmc.Tests\RcCloud.DateScraper.Application.Dmc.Tests.csproj", "{614B2888-0194-43B7-A991-F13716A14130}"
EndProject
Project("{2150E333-8FDC-42A3-9474-1A3956D46DE8}") = "Solution Items", "Solution Items", "{8EC462FD-D22E-90A8-E5CE-7E832BA40C5D}"
	ProjectSection(SolutionItems) = preProject
		.editorconfig = .editorconfig
	EndProjectSection
EndProject
Project("{FAE04EC0-301F-11D3-BF4B-00C04F79EFBC}") = "RcCloud.DateScraper.Application.Rcco.Tests", "RcCloud.DateScraper.Application.Rcco.Tests\RcCloud.DateScraper.Application.Rcco.Tests.csproj", "{CF93D3B5-6DA0-487E-A268-EE424E4D5425}"
EndProject
Project("{FAE04EC0-301F-11D3-BF4B-00C04F79EFBC}") = "RcCloud.DateScraper.Infrastructure", "RcCloud.DateScraper.Infrastructure\RcCloud.DateScraper.Infrastructure.csproj", "{60E81957-8948-4936-891B-E4F67407C0FD}"
EndProject
Project("{FAE04EC0-301F-11D3-BF4B-00C04F79EFBC}") = "RcCloud.FunctionApi", "RcCloud.FunctionApi\RcCloud.FunctionApi.csproj", "{E054F9E7-6AAA-4B5B-9A9E-09315D9DE52B}"
EndProject
Project("{FAE04EC0-301F-11D3-BF4B-00C04F79EFBC}") = "RcCloud.DateScraper.Application", "RcCloud.DateScraper.Application\RcCloud.DateScraper.Application.csproj", "{82660197-6685-446B-AD4A-46E93D3191CC}"
EndProject
Global
	GlobalSection(SolutionConfigurationPlatforms) = preSolution
		Debug|Any CPU = Debug|Any CPU
		Release|Any CPU = Release|Any CPU
	EndGlobalSection
	GlobalSection(ProjectConfigurationPlatforms) = postSolution
		{111F4CF9-0EA9-4B2D-8E1F-AF4D2F1A3D37}.Debug|Any CPU.ActiveCfg = Debug|Any CPU
		{111F4CF9-0EA9-4B2D-8E1F-AF4D2F1A3D37}.Debug|Any CPU.Build.0 = Debug|Any CPU
		{111F4CF9-0EA9-4B2D-8E1F-AF4D2F1A3D37}.Release|Any CPU.ActiveCfg = Release|Any CPU
		{111F4CF9-0EA9-4B2D-8E1F-AF4D2F1A3D37}.Release|Any CPU.Build.0 = Release|Any CPU
		{EB419650-7485-4DFE-99FC-75375EDCD52D}.Debug|Any CPU.ActiveCfg = Debug|Any CPU
		{EB419650-7485-4DFE-99FC-75375EDCD52D}.Debug|Any CPU.Build.0 = Debug|Any CPU
		{EB419650-7485-4DFE-99FC-75375EDCD52D}.Release|Any CPU.ActiveCfg = Release|Any CPU
		{EB419650-7485-4DFE-99FC-75375EDCD52D}.Release|Any CPU.Build.0 = Release|Any CPU
		{0BDB4541-15AA-E6AD-FDC4-6D2A12D723E0}.Debug|Any CPU.ActiveCfg = Debug|Any CPU
		{0BDB4541-15AA-E6AD-FDC4-6D2A12D723E0}.Debug|Any CPU.Build.0 = Debug|Any CPU
		{0BDB4541-15AA-E6AD-FDC4-6D2A12D723E0}.Release|Any CPU.ActiveCfg = Release|Any CPU
		{0BDB4541-15AA-E6AD-FDC4-6D2A12D723E0}.Release|Any CPU.Build.0 = Release|Any CPU
		{7A1607E1-6B3D-3022-25B9-40E3DCFE73D0}.Debug|Any CPU.ActiveCfg = Debug|Any CPU
		{7A1607E1-6B3D-3022-25B9-40E3DCFE73D0}.Debug|Any CPU.Build.0 = Debug|Any CPU
		{7A1607E1-6B3D-3022-25B9-40E3DCFE73D0}.Release|Any CPU.ActiveCfg = Release|Any CPU
		{7A1607E1-6B3D-3022-25B9-40E3DCFE73D0}.Release|Any CPU.Build.0 = Release|Any CPU
		{5DB347F7-E4FA-D9CD-2D18-862C06A0FD88}.Debug|Any CPU.ActiveCfg = Debug|Any CPU
		{5DB347F7-E4FA-D9CD-2D18-862C06A0FD88}.Debug|Any CPU.Build.0 = Debug|Any CPU
		{5DB347F7-E4FA-D9CD-2D18-862C06A0FD88}.Release|Any CPU.ActiveCfg = Release|Any CPU
		{5DB347F7-E4FA-D9CD-2D18-862C06A0FD88}.Release|Any CPU.Build.0 = Release|Any CPU
		{4344E502-7C41-6DF2-CE3D-330AEA6E1716}.Debug|Any CPU.ActiveCfg = Debug|Any CPU
		{4344E502-7C41-6DF2-CE3D-330AEA6E1716}.Debug|Any CPU.Build.0 = Debug|Any CPU
		{4344E502-7C41-6DF2-CE3D-330AEA6E1716}.Release|Any CPU.ActiveCfg = Release|Any CPU
		{4344E502-7C41-6DF2-CE3D-330AEA6E1716}.Release|Any CPU.Build.0 = Release|Any CPU
		{ACD155CF-9D21-4BB3-8DC5-79A886EE3826}.Debug|Any CPU.ActiveCfg = Debug|Any CPU
		{ACD155CF-9D21-4BB3-8DC5-79A886EE3826}.Debug|Any CPU.Build.0 = Debug|Any CPU
		{ACD155CF-9D21-4BB3-8DC5-79A886EE3826}.Release|Any CPU.ActiveCfg = Release|Any CPU
		{ACD155CF-9D21-4BB3-8DC5-79A886EE3826}.Release|Any CPU.Build.0 = Release|Any CPU
		{2C42E931-64A8-4999-A96A-ECBC9B0C4DAF}.Debug|Any CPU.ActiveCfg = Debug|Any CPU
		{2C42E931-64A8-4999-A96A-ECBC9B0C4DAF}.Debug|Any CPU.Build.0 = Debug|Any CPU
		{2C42E931-64A8-4999-A96A-ECBC9B0C4DAF}.Release|Any CPU.ActiveCfg = Release|Any CPU
		{2C42E931-64A8-4999-A96A-ECBC9B0C4DAF}.Release|Any CPU.Build.0 = Release|Any CPU
		{614B2888-0194-43B7-A991-F13716A14130}.Debug|Any CPU.ActiveCfg = Debug|Any CPU
		{614B2888-0194-43B7-A991-F13716A14130}.Debug|Any CPU.Build.0 = Debug|Any CPU
		{614B2888-0194-43B7-A991-F13716A14130}.Release|Any CPU.ActiveCfg = Release|Any CPU
		{614B2888-0194-43B7-A991-F13716A14130}.Release|Any CPU.Build.0 = Release|Any CPU
		{CF93D3B5-6DA0-487E-A268-EE424E4D5425}.Debug|Any CPU.ActiveCfg = Debug|Any CPU
		{CF93D3B5-6DA0-487E-A268-EE424E4D5425}.Debug|Any CPU.Build.0 = Debug|Any CPU
		{CF93D3B5-6DA0-487E-A268-EE424E4D5425}.Release|Any CPU.ActiveCfg = Release|Any CPU
		{CF93D3B5-6DA0-487E-A268-EE424E4D5425}.Release|Any CPU.Build.0 = Release|Any CPU
		{60E81957-8948-4936-891B-E4F67407C0FD}.Debug|Any CPU.ActiveCfg = Debug|Any CPU
		{60E81957-8948-4936-891B-E4F67407C0FD}.Debug|Any CPU.Build.0 = Debug|Any CPU
		{60E81957-8948-4936-891B-E4F67407C0FD}.Release|Any CPU.ActiveCfg = Release|Any CPU
		{60E81957-8948-4936-891B-E4F67407C0FD}.Release|Any CPU.Build.0 = Release|Any CPU
		{E054F9E7-6AAA-4B5B-9A9E-09315D9DE52B}.Debug|Any CPU.ActiveCfg = Debug|Any CPU
		{E054F9E7-6AAA-4B5B-9A9E-09315D9DE52B}.Debug|Any CPU.Build.0 = Debug|Any CPU
		{E054F9E7-6AAA-4B5B-9A9E-09315D9DE52B}.Release|Any CPU.ActiveCfg = Release|Any CPU
		{E054F9E7-6AAA-4B5B-9A9E-09315D9DE52B}.Release|Any CPU.Build.0 = Release|Any CPU
		{82660197-6685-446B-AD4A-46E93D3191CC}.Debug|Any CPU.ActiveCfg = Debug|Any CPU
		{82660197-6685-446B-AD4A-46E93D3191CC}.Debug|Any CPU.Build.0 = Debug|Any CPU
		{82660197-6685-446B-AD4A-46E93D3191CC}.Release|Any CPU.ActiveCfg = Release|Any CPU
		{82660197-6685-446B-AD4A-46E93D3191CC}.Release|Any CPU.Build.0 = Release|Any CPU
	EndGlobalSection
	GlobalSection(SolutionProperties) = preSolution
		HideSolutionNode = FALSE
	EndGlobalSection
	GlobalSection(ExtensibilityGlobals) = postSolution
		SolutionGuid = {901D7065-7714-427D-88CB-67D437022364}
	EndGlobalSection
	GlobalSection(NestedProjects) = preSolution
	EndGlobalSection
EndGlobal
