
Microsoft Visual Studio Solution File, Format Version 12.00
# Visual Studio Version 17
VisualStudioVersion = 17.0.31903.59
MinimumVisualStudioVersion = 10.0.40219.1
Project("{FAE04EC0-301F-11D3-BF4B-00C04F79EFBC}") = "RcCloud.Provider.Dmc", "RcCloud.Provider.Dmc\RcCloud.Provider.Dmc.csproj", "{4BB01CCC-3215-87B1-6E1A-7BCA6071D8A7}"
EndProject
Project("{FAE04EC0-301F-11D3-BF4B-00C04F79EFBC}") = "RcCloud.Provider.Dmc.Tests", "RcCloud.Provider.Dmc.Tests\RcCloud.Provider.Dmc.Tests.csproj", "{3050A0D5-C49E-8419-97A5-E5A3991189DC}"
EndProject
Global
	GlobalSection(SolutionConfigurationPlatforms) = preSolution
		Debug|Any CPU = Debug|Any CPU
		Release|Any CPU = Release|Any CPU
	EndGlobalSection
	GlobalSection(ProjectConfigurationPlatforms) = postSolution
		{4BB01CCC-3215-87B1-6E1A-7BCA6071D8A7}.Debug|Any CPU.ActiveCfg = Debug|Any CPU
		{4BB01CCC-3215-87B1-6E1A-7BCA6071D8A7}.Debug|Any CPU.Build.0 = Debug|Any CPU
		{4BB01CCC-3215-87B1-6E1A-7BCA6071D8A7}.Release|Any CPU.ActiveCfg = Release|Any CPU
		{4BB01CCC-3215-87B1-6E1A-7BCA6071D8A7}.Release|Any CPU.Build.0 = Release|Any CPU
		{3050A0D5-C49E-8419-97A5-E5A3991189DC}.Debug|Any CPU.ActiveCfg = Debug|Any CPU
		{3050A0D5-C49E-8419-97A5-E5A3991189DC}.Debug|Any CPU.Build.0 = Debug|Any CPU
		{3050A0D5-C49E-8419-97A5-E5A3991189DC}.Release|Any CPU.ActiveCfg = Release|Any CPU
		{3050A0D5-C49E-8419-97A5-E5A3991189DC}.Release|Any CPU.Build.0 = Release|Any CPU
	EndGlobalSection
	GlobalSection(SolutionProperties) = preSolution
		HideSolutionNode = FALSE
	EndGlobalSection
	GlobalSection(ExtensibilityGlobals) = postSolution
		SolutionGuid = {05F29876-7BBA-4A61-B53C-E1A752B2A239}
	EndGlobalSection
EndGlobal
